
Microsoft Visual Studio Solution File, Format Version 12.00
# Visual Studio Version 17
VisualStudioVersion = 17.10.35013.160
MinimumVisualStudioVersion = 10.0.40219.1
Project("{FAE04EC0-301F-11D3-BF4B-00C04F79EFBC}") = "shabat", "shabat.csproj", "{ED891AB6-E30F-40BB-92CC-892FA6A699DC}"
EndProject
Global
	GlobalSection(SolutionConfigurationPlatforms) = preSolution
		Debug|Any CPU = Debug|Any CPU
		Release|Any CPU = Release|Any CPU
	EndGlobalSection
	GlobalSection(ProjectConfigurationPlatforms) = postSolution
		{ED891AB6-E30F-40BB-92CC-892FA6A699DC}.Debug|Any CPU.ActiveCfg = Debug|Any CPU
		{ED891AB6-E30F-40BB-92CC-892FA6A699DC}.Debug|Any CPU.Build.0 = Debug|Any CPU
		{ED891AB6-E30F-40BB-92CC-892FA6A699DC}.Release|Any CPU.ActiveCfg = Release|Any CPU
		{ED891AB6-E30F-40BB-92CC-892FA6A699DC}.Release|Any CPU.Build.0 = Release|Any CPU
	EndGlobalSection
	GlobalSection(SolutionProperties) = preSolution
		HideSolutionNode = FALSE
	EndGlobalSection
	GlobalSection(ExtensibilityGlobals) = postSolution
		SolutionGuid = {99B68848-7036-467A-B8AD-57A8746DF3AC}
	EndGlobalSection
EndGlobal
