
Microsoft Visual Studio Solution File, Format Version 12.00
# Visual Studio Version 17
VisualStudioVersion = 17.10.35027.167
MinimumVisualStudioVersion = 10.0.40219.1
Project("{FAE04EC0-301F-11D3-BF4B-00C04F79EFBC}") = "Rabbinate", "Rabbinate.csproj", "{CE06A122-CBE7-4745-BE5F-7A949CDF7A40}"
EndProject
Global
	GlobalSection(SolutionConfigurationPlatforms) = preSolution
		Debug|Any CPU = Debug|Any CPU
		Release|Any CPU = Release|Any CPU
	EndGlobalSection
	GlobalSection(ProjectConfigurationPlatforms) = postSolution
		{CE06A122-CBE7-4745-BE5F-7A949CDF7A40}.Debug|Any CPU.ActiveCfg = Debug|Any CPU
		{CE06A122-CBE7-4745-BE5F-7A949CDF7A40}.Debug|Any CPU.Build.0 = Debug|Any CPU
		{CE06A122-CBE7-4745-BE5F-7A949CDF7A40}.Release|Any CPU.ActiveCfg = Release|Any CPU
		{CE06A122-CBE7-4745-BE5F-7A949CDF7A40}.Release|Any CPU.Build.0 = Release|Any CPU
	EndGlobalSection
	GlobalSection(SolutionProperties) = preSolution
		HideSolutionNode = FALSE
	EndGlobalSection
	GlobalSection(ExtensibilityGlobals) = postSolution
		SolutionGuid = {3FB40382-C7F8-4E02-A032-E3F1D9E78C50}
	EndGlobalSection
EndGlobal
