
Microsoft Visual Studio Solution File, Format Version 12.00
# Visual Studio Version 17
VisualStudioVersion = 17.10.35013.160
MinimumVisualStudioVersion = 10.0.40219.1
Project("{FAE04EC0-301F-11D3-BF4B-00C04F79EFBC}") = "workers", "workers.csproj", "{C586E24D-9D4F-4B5A-BF51-CA8406DEA587}"
EndProject
Global
	GlobalSection(SolutionConfigurationPlatforms) = preSolution
		Debug|Any CPU = Debug|Any CPU
		Release|Any CPU = Release|Any CPU
	EndGlobalSection
	GlobalSection(ProjectConfigurationPlatforms) = postSolution
		{C586E24D-9D4F-4B5A-BF51-CA8406DEA587}.Debug|Any CPU.ActiveCfg = Debug|Any CPU
		{C586E24D-9D4F-4B5A-BF51-CA8406DEA587}.Debug|Any CPU.Build.0 = Debug|Any CPU
		{C586E24D-9D4F-4B5A-BF51-CA8406DEA587}.Release|Any CPU.ActiveCfg = Release|Any CPU
		{C586E24D-9D4F-4B5A-BF51-CA8406DEA587}.Release|Any CPU.Build.0 = Release|Any CPU
	EndGlobalSection
	GlobalSection(SolutionProperties) = preSolution
		HideSolutionNode = FALSE
	EndGlobalSection
	GlobalSection(ExtensibilityGlobals) = postSolution
		SolutionGuid = {A0AE4C10-00CC-4BF2-9D8A-FAD0D8F13A4A}
	EndGlobalSection
EndGlobal
